
Microsoft Visual Studio Solution File, Format Version 12.00
# Visual Studio Version 17
VisualStudioVersion = 17.1.32210.238
MinimumVisualStudioVersion = 10.0.40219.1
Project("{FAE04EC0-301F-11D3-BF4B-00C04F79EFBC}") = "Tasks.API", "Tasks.API\Tasks.API.csproj", "{ED3CAAC3-BABF-4AD9-80E3-780915233FC0}"
EndProject
Project("{FAE04EC0-301F-11D3-BF4B-00C04F79EFBC}") = "Tasks.Common", "Tasks.Common\Tasks.Common.csproj", "{F5368166-32F1-4416-8593-A7A2CBD22C18}"
EndProject
Global
	GlobalSection(SolutionConfigurationPlatforms) = preSolution
		Debug|Any CPU = Debug|Any CPU
		Release|Any CPU = Release|Any CPU
	EndGlobalSection
	GlobalSection(ProjectConfigurationPlatforms) = postSolution
		{ED3CAAC3-BABF-4AD9-80E3-780915233FC0}.Debug|Any CPU.ActiveCfg = Debug|Any CPU
		{ED3CAAC3-BABF-4AD9-80E3-780915233FC0}.Debug|Any CPU.Build.0 = Debug|Any CPU
		{ED3CAAC3-BABF-4AD9-80E3-780915233FC0}.Release|Any CPU.ActiveCfg = Release|Any CPU
		{ED3CAAC3-BABF-4AD9-80E3-780915233FC0}.Release|Any CPU.Build.0 = Release|Any CPU
		{F5368166-32F1-4416-8593-A7A2CBD22C18}.Debug|Any CPU.ActiveCfg = Debug|Any CPU
		{F5368166-32F1-4416-8593-A7A2CBD22C18}.Debug|Any CPU.Build.0 = Debug|Any CPU
		{F5368166-32F1-4416-8593-A7A2CBD22C18}.Release|Any CPU.ActiveCfg = Release|Any CPU
		{F5368166-32F1-4416-8593-A7A2CBD22C18}.Release|Any CPU.Build.0 = Release|Any CPU
	EndGlobalSection
	GlobalSection(SolutionProperties) = preSolution
		HideSolutionNode = FALSE
	EndGlobalSection
	GlobalSection(ExtensibilityGlobals) = postSolution
		SolutionGuid = {1543988A-FD1C-4DED-AD58-1852BE8F031B}
	EndGlobalSection
EndGlobal
